// !$*UTF8*$!
{
	archiveVersion = 1;
	classes = {
	};
	objectVersion = 50;
	objects = {

/* Begin PBXBuildFile section */
		C700972024F0859E0001FC37 /* README.md in Resources */ = {isa = PBXBuildFile; fileRef = C700970824F0859D0001FC37 /* README.md */; };
		C700972124F0859E0001FC37 /* RKViewController.swift in Sources */ = {isa = PBXBuildFile; fileRef = C700970B24F0859D0001FC37 /* RKViewController.swift */; };
		C700972224F0859E0001FC37 /* RKManager.swift in Sources */ = {isa = PBXBuildFile; fileRef = C700970C24F0859D0001FC37 /* RKManager.swift */; };
		C700972324F0859E0001FC37 /* RKHoursMinutesPicker.swift in Sources */ = {isa = PBXBuildFile; fileRef = C700970D24F0859D0001FC37 /* RKHoursMinutesPicker.swift */; };
		C700972424F0859E0001FC37 /* RKPage.swift in Sources */ = {isa = PBXBuildFile; fileRef = C700970F24F0859D0001FC37 /* RKPage.swift */; };
		C700972524F0859E0001FC37 /* RKWeeklyPage.swift in Sources */ = {isa = PBXBuildFile; fileRef = C700971024F0859D0001FC37 /* RKWeeklyPage.swift */; };
		C700972624F0859E0001FC37 /* RKPageView.swift in Sources */ = {isa = PBXBuildFile; fileRef = C700971124F0859D0001FC37 /* RKPageView.swift */; };
		C700972724F0859E0001FC37 /* RKWeekdayHeader.swift in Sources */ = {isa = PBXBuildFile; fileRef = C700971224F0859D0001FC37 /* RKWeekdayHeader.swift */; };
		C700972824F0859E0001FC37 /* RKTimeView.swift in Sources */ = {isa = PBXBuildFile; fileRef = C700971324F0859D0001FC37 /* RKTimeView.swift */; };
		C700972924F0859E0001FC37 /* RKMonthHeader.swift in Sources */ = {isa = PBXBuildFile; fileRef = C700971424F0859D0001FC37 /* RKMonthHeader.swift */; };
		C700972A24F0859E0001FC37 /* RKMonth.swift in Sources */ = {isa = PBXBuildFile; fileRef = C700971524F0859D0001FC37 /* RKMonth.swift */; };
		C700972B24F0859E0001FC37 /* RKCell.swift in Sources */ = {isa = PBXBuildFile; fileRef = C700971624F0859D0001FC37 /* RKCell.swift */; };
		C700972C24F0859E0001FC37 /* RKColorSettings.swift in Sources */ = {isa = PBXBuildFile; fileRef = C700971724F0859D0001FC37 /* RKColorSettings.swift */; };
		C700972D24F0859E0001FC37 /* RKDate.swift in Sources */ = {isa = PBXBuildFile; fileRef = C700971824F0859D0001FC37 /* RKDate.swift */; };
		C700972E24F0859E0001FC37 /* demo-app-dark-mode-2.png in Resources */ = {isa = PBXBuildFile; fileRef = C700971A24F0859D0001FC37 /* demo-app-dark-mode-2.png */; };
		C700972F24F0859E0001FC37 /* demo-app-dark-mode-1.png in Resources */ = {isa = PBXBuildFile; fileRef = C700971B24F0859D0001FC37 /* demo-app-dark-mode-1.png */; };
		C700973024F0859E0001FC37 /* demo-app-light-mode-1.png in Resources */ = {isa = PBXBuildFile; fileRef = C700971C24F0859D0001FC37 /* demo-app-light-mode-1.png */; };
		C700973124F0859E0001FC37 /* demo-app-light-mode-2.png in Resources */ = {isa = PBXBuildFile; fileRef = C700971D24F0859D0001FC37 /* demo-app-light-mode-2.png */; };
		C700973224F0859E0001FC37 /* Package.swift in Sources */ = {isa = PBXBuildFile; fileRef = C700971E24F0859E0001FC37 /* Package.swift */; };
		C700973324F0859E0001FC37 /* LICENSE.txt in Resources */ = {isa = PBXBuildFile; fileRef = C700971F24F0859E0001FC37 /* LICENSE.txt */; };
		C7FE44B4250076A60068ADDD /* RKSelectionMode.swift in Sources */ = {isa = PBXBuildFile; fileRef = C7FE44B3250076A60068ADDD /* RKSelectionMode.swift */; };
/* End PBXBuildFile section */

/* Begin PBXFileReference section */
		C700970824F0859D0001FC37 /* README.md */ = {isa = PBXFileReference; fileEncoding = 4; lastKnownFileType = net.daringfireball.markdown; path = README.md; sourceTree = "<group>"; };
		C700970B24F0859D0001FC37 /* RKViewController.swift */ = {isa = PBXFileReference; fileEncoding = 4; lastKnownFileType = sourcecode.swift; path = RKViewController.swift; sourceTree = "<group>"; };
		C700970C24F0859D0001FC37 /* RKManager.swift */ = {isa = PBXFileReference; fileEncoding = 4; lastKnownFileType = sourcecode.swift; path = RKManager.swift; sourceTree = "<group>"; };
		C700970D24F0859D0001FC37 /* RKHoursMinutesPicker.swift */ = {isa = PBXFileReference; fileEncoding = 4; lastKnownFileType = sourcecode.swift; path = RKHoursMinutesPicker.swift; sourceTree = "<group>"; };
		C700970F24F0859D0001FC37 /* RKPage.swift */ = {isa = PBXFileReference; fileEncoding = 4; lastKnownFileType = sourcecode.swift; path = RKPage.swift; sourceTree = "<group>"; };
		C700971024F0859D0001FC37 /* RKWeeklyPage.swift */ = {isa = PBXFileReference; fileEncoding = 4; lastKnownFileType = sourcecode.swift; path = RKWeeklyPage.swift; sourceTree = "<group>"; };
		C700971124F0859D0001FC37 /* RKPageView.swift */ = {isa = PBXFileReference; fileEncoding = 4; lastKnownFileType = sourcecode.swift; path = RKPageView.swift; sourceTree = "<group>"; };
		C700971224F0859D0001FC37 /* RKWeekdayHeader.swift */ = {isa = PBXFileReference; fileEncoding = 4; lastKnownFileType = sourcecode.swift; path = RKWeekdayHeader.swift; sourceTree = "<group>"; };
		C700971324F0859D0001FC37 /* RKTimeView.swift */ = {isa = PBXFileReference; fileEncoding = 4; lastKnownFileType = sourcecode.swift; path = RKTimeView.swift; sourceTree = "<group>"; };
		C700971424F0859D0001FC37 /* RKMonthHeader.swift */ = {isa = PBXFileReference; fileEncoding = 4; lastKnownFileType = sourcecode.swift; path = RKMonthHeader.swift; sourceTree = "<group>"; };
		C700971524F0859D0001FC37 /* RKMonth.swift */ = {isa = PBXFileReference; fileEncoding = 4; lastKnownFileType = sourcecode.swift; path = RKMonth.swift; sourceTree = "<group>"; };
		C700971624F0859D0001FC37 /* RKCell.swift */ = {isa = PBXFileReference; fileEncoding = 4; lastKnownFileType = sourcecode.swift; path = RKCell.swift; sourceTree = "<group>"; };
		C700971724F0859D0001FC37 /* RKColorSettings.swift */ = {isa = PBXFileReference; fileEncoding = 4; lastKnownFileType = sourcecode.swift; path = RKColorSettings.swift; sourceTree = "<group>"; };
		C700971824F0859D0001FC37 /* RKDate.swift */ = {isa = PBXFileReference; fileEncoding = 4; lastKnownFileType = sourcecode.swift; path = RKDate.swift; sourceTree = "<group>"; };
		C700971A24F0859D0001FC37 /* demo-app-dark-mode-2.png */ = {isa = PBXFileReference; lastKnownFileType = image.png; path = "demo-app-dark-mode-2.png"; sourceTree = "<group>"; };
		C700971B24F0859D0001FC37 /* demo-app-dark-mode-1.png */ = {isa = PBXFileReference; lastKnownFileType = image.png; path = "demo-app-dark-mode-1.png"; sourceTree = "<group>"; };
		C700971C24F0859D0001FC37 /* demo-app-light-mode-1.png */ = {isa = PBXFileReference; lastKnownFileType = image.png; path = "demo-app-light-mode-1.png"; sourceTree = "<group>"; };
		C700971D24F0859D0001FC37 /* demo-app-light-mode-2.png */ = {isa = PBXFileReference; lastKnownFileType = image.png; path = "demo-app-light-mode-2.png"; sourceTree = "<group>"; };
		C700971E24F0859E0001FC37 /* Package.swift */ = {isa = PBXFileReference; fileEncoding = 4; lastKnownFileType = sourcecode.swift; path = Package.swift; sourceTree = "<group>"; };
		C700971F24F0859E0001FC37 /* LICENSE.txt */ = {isa = PBXFileReference; fileEncoding = 4; lastKnownFileType = text; path = LICENSE.txt; sourceTree = "<group>"; };
		C795EDA324F084F200008B8C /* RKCalendar.app */ = {isa = PBXFileReference; explicitFileType = wrapper.application; includeInIndex = 0; path = RKCalendar.app; sourceTree = BUILT_PRODUCTS_DIR; };
		C7FE44B3250076A60068ADDD /* RKSelectionMode.swift */ = {isa = PBXFileReference; lastKnownFileType = sourcecode.swift; path = RKSelectionMode.swift; sourceTree = "<group>"; };
/* End PBXFileReference section */

/* Begin PBXFrameworksBuildPhase section */
		C795EDA024F084F200008B8C /* Frameworks */ = {
			isa = PBXFrameworksBuildPhase;
			buildActionMask = 2147483647;
			files = (
			);
			runOnlyForDeploymentPostprocessing = 0;
		};
/* End PBXFrameworksBuildPhase section */

/* Begin PBXGroup section */
		C700970924F0859D0001FC37 /* Sources */ = {
			isa = PBXGroup;
			children = (
				C700970A24F0859D0001FC37 /* RKCalendar */,
			);
			path = Sources;
			sourceTree = "<group>";
		};
		C700970A24F0859D0001FC37 /* RKCalendar */ = {
			isa = PBXGroup;
			children = (
				C700970E24F0859D0001FC37 /* RKScroll */,
				C700970B24F0859D0001FC37 /* RKViewController.swift */,
				C700970C24F0859D0001FC37 /* RKManager.swift */,
				C700970D24F0859D0001FC37 /* RKHoursMinutesPicker.swift */,
				C700971224F0859D0001FC37 /* RKWeekdayHeader.swift */,
				C700971324F0859D0001FC37 /* RKTimeView.swift */,
				C700971424F0859D0001FC37 /* RKMonthHeader.swift */,
				C700971524F0859D0001FC37 /* RKMonth.swift */,
				C700971624F0859D0001FC37 /* RKCell.swift */,
				C700971724F0859D0001FC37 /* RKColorSettings.swift */,
				C700971824F0859D0001FC37 /* RKDate.swift */,
				C7FE44B3250076A60068ADDD /* RKSelectionMode.swift */,
			);
			path = RKCalendar;
			sourceTree = "<group>";
		};
		C700970E24F0859D0001FC37 /* RKScroll */ = {
			isa = PBXGroup;
			children = (
				C700970F24F0859D0001FC37 /* RKPage.swift */,
				C700971024F0859D0001FC37 /* RKWeeklyPage.swift */,
				C700971124F0859D0001FC37 /* RKPageView.swift */,
			);
			path = RKScroll;
			sourceTree = "<group>";
		};
		C700971924F0859D0001FC37 /* Images */ = {
			isa = PBXGroup;
			children = (
				C700971A24F0859D0001FC37 /* demo-app-dark-mode-2.png */,
				C700971B24F0859D0001FC37 /* demo-app-dark-mode-1.png */,
				C700971C24F0859D0001FC37 /* demo-app-light-mode-1.png */,
				C700971D24F0859D0001FC37 /* demo-app-light-mode-2.png */,
			);
			path = Images;
			sourceTree = "<group>";
		};
		C795ED9A24F084F200008B8C = {
			isa = PBXGroup;
			children = (
				C700971924F0859D0001FC37 /* Images */,
				C700971F24F0859E0001FC37 /* LICENSE.txt */,
				C700971E24F0859E0001FC37 /* Package.swift */,
				C700970824F0859D0001FC37 /* README.md */,
				C700970924F0859D0001FC37 /* Sources */,
				C795EDA424F084F200008B8C /* Products */,
			);
			sourceTree = "<group>";
		};
		C795EDA424F084F200008B8C /* Products */ = {
			isa = PBXGroup;
			children = (
				C795EDA324F084F200008B8C /* RKCalendar.app */,
			);
			name = Products;
			sourceTree = "<group>";
		};
/* End PBXGroup section */

/* Begin PBXNativeTarget section */
		C795EDA224F084F200008B8C /* RKCalendar */ = {
			isa = PBXNativeTarget;
			buildConfigurationList = C795EDB224F084F300008B8C /* Build configuration list for PBXNativeTarget "RKCalendar" */;
			buildPhases = (
				C795ED9F24F084F200008B8C /* Sources */,
				C795EDA024F084F200008B8C /* Frameworks */,
				C795EDA124F084F200008B8C /* Resources */,
			);
			buildRules = (
			);
			dependencies = (
			);
			name = RKCalendar;
			packageProductDependencies = (
			);
			productName = RKCalendar;
			productReference = C795EDA324F084F200008B8C /* RKCalendar.app */;
			productType = "com.apple.product-type.application";
		};
/* End PBXNativeTarget section */

/* Begin PBXProject section */
		C795ED9B24F084F200008B8C /* Project object */ = {
			isa = PBXProject;
			attributes = {
				LastSwiftUpdateCheck = 1200;
				LastUpgradeCheck = 1200;
				TargetAttributes = {
					C795EDA224F084F200008B8C = {
						CreatedOnToolsVersion = 12.0;
					};
				};
			};
			buildConfigurationList = C795ED9E24F084F200008B8C /* Build configuration list for PBXProject "RKCalendar" */;
			compatibilityVersion = "Xcode 9.3";
			developmentRegion = en;
			hasScannedForEncodings = 0;
			knownRegions = (
				en,
				Base,
			);
			mainGroup = C795ED9A24F084F200008B8C;
			packageReferences = (
			);
			productRefGroup = C795EDA424F084F200008B8C /* Products */;
			projectDirPath = "";
			projectRoot = "";
			targets = (
				C795EDA224F084F200008B8C /* RKCalendar */,
			);
		};
/* End PBXProject section */

/* Begin PBXResourcesBuildPhase section */
		C795EDA124F084F200008B8C /* Resources */ = {
			isa = PBXResourcesBuildPhase;
			buildActionMask = 2147483647;
			files = (
				C700973024F0859E0001FC37 /* demo-app-light-mode-1.png in Resources */,
				C700972024F0859E0001FC37 /* README.md in Resources */,
				C700972E24F0859E0001FC37 /* demo-app-dark-mode-2.png in Resources */,
				C700973324F0859E0001FC37 /* LICENSE.txt in Resources */,
				C700972F24F0859E0001FC37 /* demo-app-dark-mode-1.png in Resources */,
				C700973124F0859E0001FC37 /* demo-app-light-mode-2.png in Resources */,
			);
			runOnlyForDeploymentPostprocessing = 0;
		};
/* End PBXResourcesBuildPhase section */

/* Begin PBXSourcesBuildPhase section */
		C795ED9F24F084F200008B8C /* Sources */ = {
			isa = PBXSourcesBuildPhase;
			buildActionMask = 2147483647;
			files = (
				C700972B24F0859E0001FC37 /* RKCell.swift in Sources */,
				C700972924F0859E0001FC37 /* RKMonthHeader.swift in Sources */,
				C700972624F0859E0001FC37 /* RKPageView.swift in Sources */,
				C700972324F0859E0001FC37 /* RKHoursMinutesPicker.swift in Sources */,
				C700972124F0859E0001FC37 /* RKViewController.swift in Sources */,
				C700972424F0859E0001FC37 /* RKPage.swift in Sources */,
				C700972C24F0859E0001FC37 /* RKColorSettings.swift in Sources */,
				C700972224F0859E0001FC37 /* RKManager.swift in Sources */,
				C7FE44B4250076A60068ADDD /* RKSelectionMode.swift in Sources */,
				C700972524F0859E0001FC37 /* RKWeeklyPage.swift in Sources */,
				C700972824F0859E0001FC37 /* RKTimeView.swift in Sources */,
				C700972724F0859E0001FC37 /* RKWeekdayHeader.swift in Sources */,
				C700973224F0859E0001FC37 /* Package.swift in Sources */,
				C700972D24F0859E0001FC37 /* RKDate.swift in Sources */,
				C700972A24F0859E0001FC37 /* RKMonth.swift in Sources */,
			);
			runOnlyForDeploymentPostprocessing = 0;
		};
/* End PBXSourcesBuildPhase section */

/* Begin XCBuildConfiguration section */
		C795EDB024F084F300008B8C /* Debug */ = {
			isa = XCBuildConfiguration;
			buildSettings = {
				ALWAYS_SEARCH_USER_PATHS = NO;
				CLANG_ANALYZER_NONNULL = YES;
				CLANG_ANALYZER_NUMBER_OBJECT_CONVERSION = YES_AGGRESSIVE;
				CLANG_CXX_LANGUAGE_STANDARD = "gnu++14";
				CLANG_CXX_LIBRARY = "libc++";
				CLANG_ENABLE_MODULES = YES;
				CLANG_ENABLE_OBJC_ARC = YES;
				CLANG_ENABLE_OBJC_WEAK = YES;
				CLANG_WARN_BLOCK_CAPTURE_AUTORELEASING = YES;
				CLANG_WARN_BOOL_CONVERSION = YES;
				CLANG_WARN_COMMA = YES;
				CLANG_WARN_CONSTANT_CONVERSION = YES;
				CLANG_WARN_DEPRECATED_OBJC_IMPLEMENTATIONS = YES;
				CLANG_WARN_DIRECT_OBJC_ISA_USAGE = YES_ERROR;
				CLANG_WARN_DOCUMENTATION_COMMENTS = YES;
				CLANG_WARN_EMPTY_BODY = YES;
				CLANG_WARN_ENUM_CONVERSION = YES;
				CLANG_WARN_INFINITE_RECURSION = YES;
				CLANG_WARN_INT_CONVERSION = YES;
				CLANG_WARN_NON_LITERAL_NULL_CONVERSION = YES;
				CLANG_WARN_OBJC_IMPLICIT_RETAIN_SELF = YES;
				CLANG_WARN_OBJC_LITERAL_CONVERSION = YES;
				CLANG_WARN_OBJC_ROOT_CLASS = YES_ERROR;
				CLANG_WARN_QUOTED_INCLUDE_IN_FRAMEWORK_HEADER = YES;
				CLANG_WARN_RANGE_LOOP_ANALYSIS = YES;
				CLANG_WARN_STRICT_PROTOTYPES = YES;
				CLANG_WARN_SUSPICIOUS_MOVE = YES;
				CLANG_WARN_UNGUARDED_AVAILABILITY = YES_AGGRESSIVE;
				CLANG_WARN_UNREACHABLE_CODE = YES;
				CLANG_WARN__DUPLICATE_METHOD_MATCH = YES;
				COPY_PHASE_STRIP = NO;
				DEBUG_INFORMATION_FORMAT = dwarf;
				ENABLE_STRICT_OBJC_MSGSEND = YES;
				ENABLE_TESTABILITY = YES;
				GCC_C_LANGUAGE_STANDARD = gnu11;
				GCC_DYNAMIC_NO_PIC = NO;
				GCC_NO_COMMON_BLOCKS = YES;
				GCC_OPTIMIZATION_LEVEL = 0;
				GCC_PREPROCESSOR_DEFINITIONS = (
					"DEBUG=1",
					"$(inherited)",
				);
				GCC_WARN_64_TO_32_BIT_CONVERSION = YES;
				GCC_WARN_ABOUT_RETURN_TYPE = YES_ERROR;
				GCC_WARN_UNDECLARED_SELECTOR = YES;
				GCC_WARN_UNINITIALIZED_AUTOS = YES_AGGRESSIVE;
				GCC_WARN_UNUSED_FUNCTION = YES;
				GCC_WARN_UNUSED_VARIABLE = YES;
				IPHONEOS_DEPLOYMENT_TARGET = 14.3;
				MTL_ENABLE_DEBUG_INFO = INCLUDE_SOURCE;
				MTL_FAST_MATH = YES;
				ONLY_ACTIVE_ARCH = YES;
				SDKROOT = iphoneos;
				SWIFT_ACTIVE_COMPILATION_CONDITIONS = DEBUG;
				SWIFT_OPTIMIZATION_LEVEL = "-Onone";
			};
			name = Debug;
		};
		C795EDB124F084F300008B8C /* Release */ = {
			isa = XCBuildConfiguration;
			buildSettings = {
				ALWAYS_SEARCH_USER_PATHS = NO;
				CLANG_ANALYZER_NONNULL = YES;
				CLANG_ANALYZER_NUMBER_OBJECT_CONVERSION = YES_AGGRESSIVE;
				CLANG_CXX_LANGUAGE_STANDARD = "gnu++14";
				CLANG_CXX_LIBRARY = "libc++";
				CLANG_ENABLE_MODULES = YES;
				CLANG_ENABLE_OBJC_ARC = YES;
				CLANG_ENABLE_OBJC_WEAK = YES;
				CLANG_WARN_BLOCK_CAPTURE_AUTORELEASING = YES;
				CLANG_WARN_BOOL_CONVERSION = YES;
				CLANG_WARN_COMMA = YES;
				CLANG_WARN_CONSTANT_CONVERSION = YES;
				CLANG_WARN_DEPRECATED_OBJC_IMPLEMENTATIONS = YES;
				CLANG_WARN_DIRECT_OBJC_ISA_USAGE = YES_ERROR;
				CLANG_WARN_DOCUMENTATION_COMMENTS = YES;
				CLANG_WARN_EMPTY_BODY = YES;
				CLANG_WARN_ENUM_CONVERSION = YES;
				CLANG_WARN_INFINITE_RECURSION = YES;
				CLANG_WARN_INT_CONVERSION = YES;
				CLANG_WARN_NON_LITERAL_NULL_CONVERSION = YES;
				CLANG_WARN_OBJC_IMPLICIT_RETAIN_SELF = YES;
				CLANG_WARN_OBJC_LITERAL_CONVERSION = YES;
				CLANG_WARN_OBJC_ROOT_CLASS = YES_ERROR;
				CLANG_WARN_QUOTED_INCLUDE_IN_FRAMEWORK_HEADER = YES;
				CLANG_WARN_RANGE_LOOP_ANALYSIS = YES;
				CLANG_WARN_STRICT_PROTOTYPES = YES;
				CLANG_WARN_SUSPICIOUS_MOVE = YES;
				CLANG_WARN_UNGUARDED_AVAILABILITY = YES_AGGRESSIVE;
				CLANG_WARN_UNREACHABLE_CODE = YES;
				CLANG_WARN__DUPLICATE_METHOD_MATCH = YES;
				COPY_PHASE_STRIP = NO;
				DEBUG_INFORMATION_FORMAT = "dwarf-with-dsym";
				ENABLE_NS_ASSERTIONS = NO;
				ENABLE_STRICT_OBJC_MSGSEND = YES;
				GCC_C_LANGUAGE_STANDARD = gnu11;
				GCC_NO_COMMON_BLOCKS = YES;
				GCC_WARN_64_TO_32_BIT_CONVERSION = YES;
				GCC_WARN_ABOUT_RETURN_TYPE = YES_ERROR;
				GCC_WARN_UNDECLARED_SELECTOR = YES;
				GCC_WARN_UNINITIALIZED_AUTOS = YES_AGGRESSIVE;
				GCC_WARN_UNUSED_FUNCTION = YES;
				GCC_WARN_UNUSED_VARIABLE = YES;
				IPHONEOS_DEPLOYMENT_TARGET = 14.3;
				MTL_ENABLE_DEBUG_INFO = NO;
				MTL_FAST_MATH = YES;
				SDKROOT = iphoneos;
				SWIFT_COMPILATION_MODE = wholemodule;
				SWIFT_OPTIMIZATION_LEVEL = "-O";
				VALIDATE_PRODUCT = YES;
			};
			name = Release;
		};
		C795EDB324F084F300008B8C /* Debug */ = {
			isa = XCBuildConfiguration;
			buildSettings = {
				ASSETCATALOG_COMPILER_APPICON_NAME = AppIcon;
				ASSETCATALOG_COMPILER_GLOBAL_ACCENT_COLOR_NAME = AccentColor;
				CODE_SIGN_ENTITLEMENTS = RKCalendar/RKCalendar.entitlements;
				CODE_SIGN_STYLE = Automatic;
				DEVELOPMENT_ASSET_PATHS = "\"RKCalendar/Preview Content\"";
				DEVELOPMENT_TEAM = N7KF5K7NET;
				ENABLE_PREVIEWS = YES;
				INFOPLIST_FILE = RKCalendar/Info.plist;
				IPHONEOS_DEPLOYMENT_TARGET = 14.3;
				LD_RUNPATH_SEARCH_PATHS = (
					"$(inherited)",
					"@executable_path/Frameworks",
				);
				PRODUCT_BUNDLE_IDENTIFIER = ringo.rkcalendar.com.RKCalendar;
				PRODUCT_NAME = "$(TARGET_NAME)";
				SUPPORTS_MACCATALYST = YES;
				SWIFT_VERSION = 5.0;
				TARGETED_DEVICE_FAMILY = "1,2";
			};
			name = Debug;
		};
		C795EDB424F084F300008B8C /* Release */ = {
			isa = XCBuildConfiguration;
			buildSettings = {
				ASSETCATALOG_COMPILER_APPICON_NAME = AppIcon;
				ASSETCATALOG_COMPILER_GLOBAL_ACCENT_COLOR_NAME = AccentColor;
				CODE_SIGN_ENTITLEMENTS = RKCalendar/RKCalendar.entitlements;
				CODE_SIGN_STYLE = Automatic;
				DEVELOPMENT_ASSET_PATHS = "\"RKCalendar/Preview Content\"";
				DEVELOPMENT_TEAM = N7KF5K7NET;
				ENABLE_PREVIEWS = YES;
				INFOPLIST_FILE = RKCalendar/Info.plist;
				IPHONEOS_DEPLOYMENT_TARGET = 14.3;
				LD_RUNPATH_SEARCH_PATHS = (
					"$(inherited)",
					"@executable_path/Frameworks",
				);
				PRODUCT_BUNDLE_IDENTIFIER = ringo.rkcalendar.com.RKCalendar;
				PRODUCT_NAME = "$(TARGET_NAME)";
				SUPPORTS_MACCATALYST = YES;
				SWIFT_VERSION = 5.0;
				TARGETED_DEVICE_FAMILY = "1,2";
			};
			name = Release;
		};
/* End XCBuildConfiguration section */

/* Begin XCConfigurationList section */
		C795ED9E24F084F200008B8C /* Build configuration list for PBXProject "RKCalendar" */ = {
			isa = XCConfigurationList;
			buildConfigurations = (
				C795EDB024F084F300008B8C /* Debug */,
				C795EDB124F084F300008B8C /* Release */,
			);
			defaultConfigurationIsVisible = 0;
			defaultConfigurationName = Release;
		};
		C795EDB224F084F300008B8C /* Build configuration list for PBXNativeTarget "RKCalendar" */ = {
			isa = XCConfigurationList;
			buildConfigurations = (
				C795EDB324F084F300008B8C /* Debug */,
				C795EDB424F084F300008B8C /* Release */,
			);
			defaultConfigurationIsVisible = 0;
			defaultConfigurationName = Release;
		};
/* End XCConfigurationList section */
	};
	rootObject = C795ED9B24F084F200008B8C /* Project object */;
}
